// !$*UTF8*$!
{
	archiveVersion = 1;
	classes = {
	};
	objectVersion = 46;
	objects = {

/* Begin PBXBuildFile section */
		E20488A11C9D6FF000BABC62 /* OnePointCrossover.swift in Sources */ = {isa = PBXBuildFile; fileRef = E20488A01C9D6FF000BABC62 /* OnePointCrossover.swift */; };
		E20488A51C9D73EA00BABC62 /* RangeInitializedArray+OnePointCrossoverable.swift in Sources */ = {isa = PBXBuildFile; fileRef = E20488A41C9D73EA00BABC62 /* RangeInitializedArray+OnePointCrossoverable.swift */; };
		E20488AD1C9D800000BABC62 /* Reproduction.swift in Sources */ = {isa = PBXBuildFile; fileRef = E20488AC1C9D800000BABC62 /* Reproduction.swift */; };
		E20488AF1C9D81DB00BABC62 /* Selection.swift in Sources */ = {isa = PBXBuildFile; fileRef = E20488AE1C9D81DB00BABC62 /* Selection.swift */; };
		E20488B11C9D840F00BABC62 /* RouletteSelection.swift in Sources */ = {isa = PBXBuildFile; fileRef = E20488B01C9D840F00BABC62 /* RouletteSelection.swift */; };
		E20488B31C9D84B500BABC62 /* FitnessType.swift in Sources */ = {isa = PBXBuildFile; fileRef = E20488B21C9D84B500BABC62 /* FitnessType.swift */; };
		E20488B51C9D8A4500BABC62 /* TournamentSelection.swift in Sources */ = {isa = PBXBuildFile; fileRef = E20488B41C9D8A4500BABC62 /* TournamentSelection.swift */; };
		E20488B71C9D91FD00BABC62 /* RandomSelection.swift in Sources */ = {isa = PBXBuildFile; fileRef = E20488B61C9D91FD00BABC62 /* RandomSelection.swift */; };
		E20488B91C9D92B700BABC62 /* RankSelection.swift in Sources */ = {isa = PBXBuildFile; fileRef = E20488B81C9D92B700BABC62 /* RankSelection.swift */; };
		E20488BB1C9DB0EA00BABC62 /* MatingPool.swift in Sources */ = {isa = PBXBuildFile; fileRef = E20488BA1C9DB0EA00BABC62 /* MatingPool.swift */; };
		E2174BE01CE9C51D00B0BC54 /* PersistentChromosomeType.swift in Sources */ = {isa = PBXBuildFile; fileRef = E2174BDF1CE9C51D00B0BC54 /* PersistentChromosomeType.swift */; };
		E2174BE21CE9CD4500B0BC54 /* Elitism.swift in Sources */ = {isa = PBXBuildFile; fileRef = E2174BE11CE9CD4500B0BC54 /* Elitism.swift */; };
		E2174BE41CE9DD6E00B0BC54 /* PersistentType.swift in Sources */ = {isa = PBXBuildFile; fileRef = E2174BE31CE9DD6E00B0BC54 /* PersistentType.swift */; };
		E2174BEF1CE9E80000B0BC54 /* SwiftyJSON.framework in Frameworks */ = {isa = PBXBuildFile; fileRef = E2174BEE1CE9E7FF00B0BC54 /* SwiftyJSON.framework */; };
		E2174BF31CE9EAC000B0BC54 /* PersistentRangeInitializedArray+PersistentType.swift in Sources */ = {isa = PBXBuildFile; fileRef = E2174BF21CE9EAC000B0BC54 /* PersistentRangeInitializedArray+PersistentType.swift */; };
		E2174BF51CE9EBE500B0BC54 /* PersistentRangeInitializedArray.swift in Sources */ = {isa = PBXBuildFile; fileRef = E2174BF41CE9EBE500B0BC54 /* PersistentRangeInitializedArray.swift */; };
		E2174BFB1CEA0CDC00B0BC54 /* Epsilon.swift in Sources */ = {isa = PBXBuildFile; fileRef = E2174BFA1CEA0CDC00B0BC54 /* Epsilon.swift */; };
		E277E23F1CE782D4009737C3 /* Copyable.swift in Sources */ = {isa = PBXBuildFile; fileRef = E277E23E1CE782D4009737C3 /* Copyable.swift */; };
		E277E2411CE78313009737C3 /* Reproducible.swift in Sources */ = {isa = PBXBuildFile; fileRef = E277E2401CE78313009737C3 /* Reproducible.swift */; };
		E277E2431CE783C7009737C3 /* ChromosomeType.swift in Sources */ = {isa = PBXBuildFile; fileRef = E277E2421CE783C7009737C3 /* ChromosomeType.swift */; };
		E277E2451CE783E9009737C3 /* CommonChromosomeType.swift in Sources */ = {isa = PBXBuildFile; fileRef = E277E2441CE783E9009737C3 /* CommonChromosomeType.swift */; };
		E277E24A1CE789AE009737C3 /* TwoPointCrossoverable.swift in Sources */ = {isa = PBXBuildFile; fileRef = E277E2491CE789AE009737C3 /* TwoPointCrossoverable.swift */; };
		E277E24C1CE789E3009737C3 /* TwoPointCrossover.swift in Sources */ = {isa = PBXBuildFile; fileRef = E277E24B1CE789E3009737C3 /* TwoPointCrossover.swift */; };
		E277E24E1CE79014009737C3 /* RangeInitializedArray+TwoPointCrossoverable.swift in Sources */ = {isa = PBXBuildFile; fileRef = E277E24D1CE79014009737C3 /* RangeInitializedArray+TwoPointCrossoverable.swift */; };
		E277E2501CE7A0A0009737C3 /* RangeInitializedArray+Copyable.swift in Sources */ = {isa = PBXBuildFile; fileRef = E277E24F1CE7A0A0009737C3 /* RangeInitializedArray+Copyable.swift */; };
		E277E2521CE7A14C009737C3 /* ParallelEvaluator.swift in Sources */ = {isa = PBXBuildFile; fileRef = E277E2511CE7A14C009737C3 /* ParallelEvaluator.swift */; };
		E27ECAA11C9D65BF00BF6CEB /* Mutation.swift in Sources */ = {isa = PBXBuildFile; fileRef = E27ECAA01C9D65BE00BF6CEB /* Mutation.swift */; };
		E27ECAA31C9D65E100BF6CEB /* GeneticOperator.swift in Sources */ = {isa = PBXBuildFile; fileRef = E27ECAA21C9D65E100BF6CEB /* GeneticOperator.swift */; };
		E27ECAA61C9D66FB00BF6CEB /* Individual.swift in Sources */ = {isa = PBXBuildFile; fileRef = E27ECAA51C9D66FB00BF6CEB /* Individual.swift */; };
		E284A71A1C8E3A0000648A2E /* MersenneTwister.swift in Sources */ = {isa = PBXBuildFile; fileRef = E284A7191C8E3A0000648A2E /* MersenneTwister.swift */; };
		E284A71C1C8E3AEF00648A2E /* ArcGenerator.swift in Sources */ = {isa = PBXBuildFile; fileRef = E284A71B1C8E3AEF00648A2E /* ArcGenerator.swift */; };
		E284A71E1C8E3B6B00648A2E /* DrandGenerator.swift in Sources */ = {isa = PBXBuildFile; fileRef = E284A71D1C8E3B6B00648A2E /* DrandGenerator.swift */; };
		E284A7241C8E3E9100648A2E /* Randomizable.swift in Sources */ = {isa = PBXBuildFile; fileRef = E284A7231C8E3E9100648A2E /* Randomizable.swift */; };
		E284A7261C8E3F6C00648A2E /* Bool+Randomizable.swift in Sources */ = {isa = PBXBuildFile; fileRef = E284A7251C8E3F6C00648A2E /* Bool+Randomizable.swift */; };
		E284A7281C8E3F8F00648A2E /* Double+Randomizable.swift in Sources */ = {isa = PBXBuildFile; fileRef = E284A7271C8E3F8F00648A2E /* Double+Randomizable.swift */; };
		E284A72A1C8E3FA400648A2E /* Float+Randomizable.swift in Sources */ = {isa = PBXBuildFile; fileRef = E284A7291C8E3FA400648A2E /* Float+Randomizable.swift */; };
		E284A72C1C8E3FE100648A2E /* Discrete.swift in Sources */ = {isa = PBXBuildFile; fileRef = E284A72B1C8E3FE100648A2E /* Discrete.swift */; };
		E284A72E1C8E3FF200648A2E /* Discrete+Randomizable.swift in Sources */ = {isa = PBXBuildFile; fileRef = E284A72D1C8E3FF200648A2E /* Discrete+Randomizable.swift */; };
		E284A7301C8E401700648A2E /* EntropyGenerator+Range.swift in Sources */ = {isa = PBXBuildFile; fileRef = E284A72F1C8E401700648A2E /* EntropyGenerator+Range.swift */; };
		E284A7321C8E422400648A2E /* EntropyGenerator+RandomizableGeneration.swift in Sources */ = {isa = PBXBuildFile; fileRef = E284A7311C8E422400648A2E /* EntropyGenerator+RandomizableGeneration.swift */; };
		E28980C11CD3C76300B00749 /* RangeInitializedArray.swift in Sources */ = {isa = PBXBuildFile; fileRef = E28980C01CD3C76300B00749 /* RangeInitializedArray.swift */; };
		E28980C31CD3C7C800B00749 /* RangeInitializedArray+Randomizable.swift in Sources */ = {isa = PBXBuildFile; fileRef = E28980C21CD3C7C800B00749 /* RangeInitializedArray+Randomizable.swift */; };
		E28980C51CD3CA1000B00749 /* RangeInitializedArray+Mutable.swift in Sources */ = {isa = PBXBuildFile; fileRef = E28980C41CD3CA1000B00749 /* RangeInitializedArray+Mutable.swift */; };
		E28980C71CD3CAD700B00749 /* RangeInitializedArrayExample.swift in Sources */ = {isa = PBXBuildFile; fileRef = E28980C61CD3CAD700B00749 /* RangeInitializedArrayExample.swift */; };
		E28980C91CD3E33800B00749 /* RangeInitializedArray+CustomStringConvertible.swift in Sources */ = {isa = PBXBuildFile; fileRef = E28980C81CD3E33800B00749 /* RangeInitializedArray+CustomStringConvertible.swift */; };
		E28980CB1CD3E3C400B00749 /* RangeInitializedArray+CustomDebugStringConvertible.swift in Sources */ = {isa = PBXBuildFile; fileRef = E28980CA1CD3E3C400B00749 /* RangeInitializedArray+CustomDebugStringConvertible.swift */; };
		E28980CD1CD4B4AE00B00749 /* ActionNodeExample.swift in Sources */ = {isa = PBXBuildFile; fileRef = E28980CC1CD4B4AE00B00749 /* ActionNodeExample.swift */; };
		E28980D01CD4E05E00B00749 /* GeneticAlgorithm.swift in Sources */ = {isa = PBXBuildFile; fileRef = E28980CF1CD4E05E00B00749 /* GeneticAlgorithm.swift */; };
		E28980DB1CD4F94B00B00749 /* GeneticAlgorithmExample.swift in Sources */ = {isa = PBXBuildFile; fileRef = E28980DA1CD4F94B00B00749 /* GeneticAlgorithmExample.swift */; };
		E28980DD1CD4F98E00B00749 /* SequentialEvaluatorExample.swift in Sources */ = {isa = PBXBuildFile; fileRef = E28980DC1CD4F98E00B00749 /* SequentialEvaluatorExample.swift */; };
		E28980DF1CD4FFA800B00749 /* IndexSet.swift in Sources */ = {isa = PBXBuildFile; fileRef = E28980DE1CD4FFA800B00749 /* IndexSet.swift */; };
		E28980E11CD5045500B00749 /* Mutable.swift in Sources */ = {isa = PBXBuildFile; fileRef = E28980E01CD5045500B00749 /* Mutable.swift */; };
		E28980E31CD5049A00B00749 /* OnePointCrossoverable.swift in Sources */ = {isa = PBXBuildFile; fileRef = E28980E21CD5049A00B00749 /* OnePointCrossoverable.swift */; };
		E28980E51CD50CAA00B00749 /* GeneticOperatorPipeline.swift in Sources */ = {isa = PBXBuildFile; fileRef = E28980E41CD50CAA00B00749 /* GeneticOperatorPipeline.swift */; };
		E28980E71CD5124E00B00749 /* Choice.swift in Sources */ = {isa = PBXBuildFile; fileRef = E28980E61CD5124E00B00749 /* Choice.swift */; };
		E28980E91CD5126500B00749 /* BranchingPipeline.swift in Sources */ = {isa = PBXBuildFile; fileRef = E28980E81CD5126500B00749 /* BranchingPipeline.swift */; };
		E28980EC1CD5137E00B00749 /* PipelineOperators.swift in Sources */ = {isa = PBXBuildFile; fileRef = E28980EB1CD5137E00B00749 /* PipelineOperators.swift */; };
		E28980EE1CD5143C00B00749 /* Pipeline.swift in Sources */ = {isa = PBXBuildFile; fileRef = E28980ED1CD5143C00B00749 /* Pipeline.swift */; };
		E28980F11CD529C300B00749 /* TerminationCondition.swift in Sources */ = {isa = PBXBuildFile; fileRef = E28980F01CD529C300B00749 /* TerminationCondition.swift */; };
		E28980F31CD5397A00B00749 /* MaxNumberOfGenerations.swift in Sources */ = {isa = PBXBuildFile; fileRef = E28980F21CD5397A00B00749 /* MaxNumberOfGenerations.swift */; };
		E28980F51CD53A1100B00749 /* AfterDate.swift in Sources */ = {isa = PBXBuildFile; fileRef = E28980F41CD53A1100B00749 /* AfterDate.swift */; };
		E28980F71CD53A9300B00749 /* DateComparison.swift in Sources */ = {isa = PBXBuildFile; fileRef = E28980F61CD53A9300B00749 /* DateComparison.swift */; };
		E28980F91CD53B3C00B00749 /* FitnessThreshold.swift in Sources */ = {isa = PBXBuildFile; fileRef = E28980F81CD53B3C00B00749 /* FitnessThreshold.swift */; };
		E28980FD1CD53C2E00B00749 /* AndCondition.swift in Sources */ = {isa = PBXBuildFile; fileRef = E28980FC1CD53C2E00B00749 /* AndCondition.swift */; };
		E28980FF1CD53C3400B00749 /* OrCondition.swift in Sources */ = {isa = PBXBuildFile; fileRef = E28980FE1CD53C3400B00749 /* OrCondition.swift */; };
		E28981011CD53C3B00B00749 /* NotCondition.swift in Sources */ = {isa = PBXBuildFile; fileRef = E28981001CD53C3B00B00749 /* NotCondition.swift */; };
		E28981031CD5496200B00749 /* BestSelection.swift in Sources */ = {isa = PBXBuildFile; fileRef = E28981021CD5496200B00749 /* BestSelection.swift */; };
		E28981051CD54C6E00B00749 /* WorstSelection.swift in Sources */ = {isa = PBXBuildFile; fileRef = E28981041CD54C6E00B00749 /* WorstSelection.swift */; };
		E28981081CD943CD00B00749 /* Evaluator.swift in Sources */ = {isa = PBXBuildFile; fileRef = E28981071CD943CD00B00749 /* Evaluator.swift */; };
		E289810A1CD9443700B00749 /* SequentialEvaluator.swift in Sources */ = {isa = PBXBuildFile; fileRef = E28981091CD9443700B00749 /* SequentialEvaluator.swift */; };
		E289810C1CD944D700B00749 /* Fitness.swift in Sources */ = {isa = PBXBuildFile; fileRef = E289810B1CD944D700B00749 /* Fitness.swift */; };
		E289810E1CD945CF00B00749 /* CyclicEvaluator.swift in Sources */ = {isa = PBXBuildFile; fileRef = E289810D1CD945CF00B00749 /* CyclicEvaluator.swift */; };
		E29164431C8E0704002879C0 /* Revolver.h in Headers */ = {isa = PBXBuildFile; fileRef = E29164421C8E0704002879C0 /* Revolver.h */; settings = {ATTRIBUTES = (Public, ); }; };
		E291644A1C8E0704002879C0 /* Revolver.framework in Frameworks */ = {isa = PBXBuildFile; fileRef = E291643F1C8E0704002879C0 /* Revolver.framework */; };
		E291644F1C8E0704002879C0 /* RevolverTests.swift in Sources */ = {isa = PBXBuildFile; fileRef = E291644E1C8E0704002879C0 /* RevolverTests.swift */; };
		E29164651C8E3713002879C0 /* EntropyGenerator.swift in Sources */ = {isa = PBXBuildFile; fileRef = E29164641C8E3713002879C0 /* EntropyGenerator.swift */; };
		E29F9DC71CA9539C00FE4BEF /* TreeProgram+Mutable.swift in Sources */ = {isa = PBXBuildFile; fileRef = E29F9DC61CA9539C00FE4BEF /* TreeProgram+Mutable.swift */; };
		E29F9DC91CA953A900FE4BEF /* TreeProgram+OnePointCrossoverable.swift in Sources */ = {isa = PBXBuildFile; fileRef = E29F9DC81CA953A900FE4BEF /* TreeProgram+OnePointCrossoverable.swift */; };
		E2B9ED8F1CA6FE500071EE18 /* TreeProgram.swift in Sources */ = {isa = PBXBuildFile; fileRef = E2B9ED8E1CA6FE500071EE18 /* TreeProgram.swift */; };
		E2E71A521CA5CAED002E34DD /* TreeNode.swift in Sources */ = {isa = PBXBuildFile; fileRef = E2E71A511CA5CAED002E34DD /* TreeNode.swift */; };
		E2E71A541CA5CBCB002E34DD /* TreeType.swift in Sources */ = {isa = PBXBuildFile; fileRef = E2E71A531CA5CBCB002E34DD /* TreeType.swift */; };
		E2E71A5A1CA5DE6B002E34DD /* ConstantNode.swift in Sources */ = {isa = PBXBuildFile; fileRef = E2E71A591CA5DE6B002E34DD /* ConstantNode.swift */; };
		E2E71A5C1CA5DE73002E34DD /* ValueNode.swift in Sources */ = {isa = PBXBuildFile; fileRef = E2E71A5B1CA5DE73002E34DD /* ValueNode.swift */; };
		E2E71A5E1CA5DEAE002E34DD /* SequenceNode.swift in Sources */ = {isa = PBXBuildFile; fileRef = E2E71A5D1CA5DEAE002E34DD /* SequenceNode.swift */; };
		E2E71A641CA5DEFE002E34DD /* ConditionalNode.swift in Sources */ = {isa = PBXBuildFile; fileRef = E2E71A631CA5DEFE002E34DD /* ConditionalNode.swift */; };
		E2E71A681CA5E081002E34DD /* ActionNode.swift in Sources */ = {isa = PBXBuildFile; fileRef = E2E71A671CA5E081002E34DD /* ActionNode.swift */; };
		E2E71A6C1CA5E360002E34DD /* TreeInterpreter.swift in Sources */ = {isa = PBXBuildFile; fileRef = E2E71A6B1CA5E360002E34DD /* TreeInterpreter.swift */; };
		E2E71A701CA5E8CA002E34DD /* LoopNode.swift in Sources */ = {isa = PBXBuildFile; fileRef = E2E71A6F1CA5E8CA002E34DD /* LoopNode.swift */; };
		E2E71A721CA5FCD8002E34DD /* RandomTreeFactory.swift in Sources */ = {isa = PBXBuildFile; fileRef = E2E71A711CA5FCD8002E34DD /* RandomTreeFactory.swift */; };
		E2F31C781CA868A900372B95 /* EquationNode.swift in Sources */ = {isa = PBXBuildFile; fileRef = E2F31C771CA868A900372B95 /* EquationNode.swift */; };
		E2F31C7A1CA86A8300372B95 /* ComparisonNode.swift in Sources */ = {isa = PBXBuildFile; fileRef = E2F31C791CA86A8300372B95 /* ComparisonNode.swift */; };
		E2F31C7C1CA86AEC00372B95 /* UnaryNode.swift in Sources */ = {isa = PBXBuildFile; fileRef = E2F31C7B1CA86AEC00372B95 /* UnaryNode.swift */; };
		E2F31C7E1CA86AF200372B95 /* BinaryNode.swift in Sources */ = {isa = PBXBuildFile; fileRef = E2F31C7D1CA86AF200372B95 /* BinaryNode.swift */; };
		E2F31C821CA86D8000372B95 /* AdditionNode.swift in Sources */ = {isa = PBXBuildFile; fileRef = E2F31C811CA86D8000372B95 /* AdditionNode.swift */; };
		E2F31C841CA86DE700372B95 /* NumericType.swift in Sources */ = {isa = PBXBuildFile; fileRef = E2F31C831CA86DE700372B95 /* NumericType.swift */; };
		E2F31C871CA86E9A00372B95 /* MultiplicationNode.swift in Sources */ = {isa = PBXBuildFile; fileRef = E2F31C861CA86E9A00372B95 /* MultiplicationNode.swift */; };
		E2F31C891CA86EA200372B95 /* SubtractionNode.swift in Sources */ = {isa = PBXBuildFile; fileRef = E2F31C881CA86EA200372B95 /* SubtractionNode.swift */; };
		E2F31C8B1CA86EA700372B95 /* DivisionNode.swift in Sources */ = {isa = PBXBuildFile; fileRef = E2F31C8A1CA86EA700372B95 /* DivisionNode.swift */; };
		E2F31C8D1CA86EAD00372B95 /* ModuloNode.swift in Sources */ = {isa = PBXBuildFile; fileRef = E2F31C8C1CA86EAD00372B95 /* ModuloNode.swift */; };
		E2F31C8F1CA86F0000372B95 /* NegationNode.swift in Sources */ = {isa = PBXBuildFile; fileRef = E2F31C8E1CA86F0000372B95 /* NegationNode.swift */; };
		E2F31C911CA86F3500372B95 /* ConjunctionNode.swift in Sources */ = {isa = PBXBuildFile; fileRef = E2F31C901CA86F3500372B95 /* ConjunctionNode.swift */; };
		E2F31C931CA86F3B00372B95 /* DisjunctionNode.swift in Sources */ = {isa = PBXBuildFile; fileRef = E2F31C921CA86F3B00372B95 /* DisjunctionNode.swift */; };
		E2F31C951CA86F4D00372B95 /* ImplicationNode.swift in Sources */ = {isa = PBXBuildFile; fileRef = E2F31C941CA86F4D00372B95 /* ImplicationNode.swift */; };
		E2F31C971CA86F5600372B95 /* EquivalenceNode.swift in Sources */ = {isa = PBXBuildFile; fileRef = E2F31C961CA86F5600372B95 /* EquivalenceNode.swift */; };
/* End PBXBuildFile section */

/* Begin PBXContainerItemProxy section */
		E291644B1C8E0704002879C0 /* PBXContainerItemProxy */ = {
			isa = PBXContainerItemProxy;
			containerPortal = E29164361C8E0704002879C0 /* Project object */;
			proxyType = 1;
			remoteGlobalIDString = E291643E1C8E0704002879C0;
			remoteInfo = Revolver;
		};
/* End PBXContainerItemProxy section */

/* Begin PBXFileReference section */
		E20488A01C9D6FF000BABC62 /* OnePointCrossover.swift */ = {isa = PBXFileReference; fileEncoding = 4; lastKnownFileType = sourcecode.swift; path = OnePointCrossover.swift; sourceTree = "<group>"; };
		E20488A41C9D73EA00BABC62 /* RangeInitializedArray+OnePointCrossoverable.swift */ = {isa = PBXFileReference; fileEncoding = 4; lastKnownFileType = sourcecode.swift; path = "RangeInitializedArray+OnePointCrossoverable.swift"; sourceTree = "<group>"; };
		E20488AC1C9D800000BABC62 /* Reproduction.swift */ = {isa = PBXFileReference; fileEncoding = 4; lastKnownFileType = sourcecode.swift; path = Reproduction.swift; sourceTree = "<group>"; };
		E20488AE1C9D81DB00BABC62 /* Selection.swift */ = {isa = PBXFileReference; fileEncoding = 4; lastKnownFileType = sourcecode.swift; path = Selection.swift; sourceTree = "<group>"; };
		E20488B01C9D840F00BABC62 /* RouletteSelection.swift */ = {isa = PBXFileReference; fileEncoding = 4; lastKnownFileType = sourcecode.swift; path = RouletteSelection.swift; sourceTree = "<group>"; };
		E20488B21C9D84B500BABC62 /* FitnessType.swift */ = {isa = PBXFileReference; fileEncoding = 4; lastKnownFileType = sourcecode.swift; path = FitnessType.swift; sourceTree = "<group>"; };
		E20488B41C9D8A4500BABC62 /* TournamentSelection.swift */ = {isa = PBXFileReference; fileEncoding = 4; lastKnownFileType = sourcecode.swift; path = TournamentSelection.swift; sourceTree = "<group>"; };
		E20488B61C9D91FD00BABC62 /* RandomSelection.swift */ = {isa = PBXFileReference; fileEncoding = 4; lastKnownFileType = sourcecode.swift; path = RandomSelection.swift; sourceTree = "<group>"; };
		E20488B81C9D92B700BABC62 /* RankSelection.swift */ = {isa = PBXFileReference; fileEncoding = 4; lastKnownFileType = sourcecode.swift; path = RankSelection.swift; sourceTree = "<group>"; };
		E20488BA1C9DB0EA00BABC62 /* MatingPool.swift */ = {isa = PBXFileReference; fileEncoding = 4; lastKnownFileType = sourcecode.swift; path = MatingPool.swift; sourceTree = "<group>"; };
		E2174BDF1CE9C51D00B0BC54 /* PersistentChromosomeType.swift */ = {isa = PBXFileReference; fileEncoding = 4; lastKnownFileType = sourcecode.swift; path = PersistentChromosomeType.swift; sourceTree = "<group>"; };
		E2174BE11CE9CD4500B0BC54 /* Elitism.swift */ = {isa = PBXFileReference; fileEncoding = 4; lastKnownFileType = sourcecode.swift; path = Elitism.swift; sourceTree = "<group>"; };
		E2174BE31CE9DD6E00B0BC54 /* PersistentType.swift */ = {isa = PBXFileReference; fileEncoding = 4; lastKnownFileType = sourcecode.swift; path = PersistentType.swift; sourceTree = "<group>"; };
		E2174BEE1CE9E7FF00B0BC54 /* SwiftyJSON.framework */ = {isa = PBXFileReference; lastKnownFileType = wrapper.framework; name = SwiftyJSON.framework; path = "../../../../Library/Developer/Xcode/DerivedData/Workspace-axefejvpinxtzwalahtnkekcgrks/Build/Products/Debug/SwiftyJSON.framework"; sourceTree = "<group>"; };
		E2174BF21CE9EAC000B0BC54 /* PersistentRangeInitializedArray+PersistentType.swift */ = {isa = PBXFileReference; fileEncoding = 4; lastKnownFileType = sourcecode.swift; path = "PersistentRangeInitializedArray+PersistentType.swift"; sourceTree = "<group>"; };
		E2174BF41CE9EBE500B0BC54 /* PersistentRangeInitializedArray.swift */ = {isa = PBXFileReference; fileEncoding = 4; lastKnownFileType = sourcecode.swift; path = PersistentRangeInitializedArray.swift; sourceTree = "<group>"; };
		E2174BFA1CEA0CDC00B0BC54 /* Epsilon.swift */ = {isa = PBXFileReference; fileEncoding = 4; lastKnownFileType = sourcecode.swift; path = Epsilon.swift; sourceTree = "<group>"; };
		E277E23E1CE782D4009737C3 /* Copyable.swift */ = {isa = PBXFileReference; fileEncoding = 4; lastKnownFileType = sourcecode.swift; path = Copyable.swift; sourceTree = "<group>"; };
		E277E2401CE78313009737C3 /* Reproducible.swift */ = {isa = PBXFileReference; fileEncoding = 4; lastKnownFileType = sourcecode.swift; path = Reproducible.swift; sourceTree = "<group>"; };
		E277E2421CE783C7009737C3 /* ChromosomeType.swift */ = {isa = PBXFileReference; fileEncoding = 4; lastKnownFileType = sourcecode.swift; path = ChromosomeType.swift; sourceTree = "<group>"; };
		E277E2441CE783E9009737C3 /* CommonChromosomeType.swift */ = {isa = PBXFileReference; fileEncoding = 4; lastKnownFileType = sourcecode.swift; path = CommonChromosomeType.swift; sourceTree = "<group>"; };
		E277E2491CE789AE009737C3 /* TwoPointCrossoverable.swift */ = {isa = PBXFileReference; fileEncoding = 4; lastKnownFileType = sourcecode.swift; path = TwoPointCrossoverable.swift; sourceTree = "<group>"; };
		E277E24B1CE789E3009737C3 /* TwoPointCrossover.swift */ = {isa = PBXFileReference; fileEncoding = 4; lastKnownFileType = sourcecode.swift; path = TwoPointCrossover.swift; sourceTree = "<group>"; };
		E277E24D1CE79014009737C3 /* RangeInitializedArray+TwoPointCrossoverable.swift */ = {isa = PBXFileReference; fileEncoding = 4; lastKnownFileType = sourcecode.swift; path = "RangeInitializedArray+TwoPointCrossoverable.swift"; sourceTree = "<group>"; };
		E277E24F1CE7A0A0009737C3 /* RangeInitializedArray+Copyable.swift */ = {isa = PBXFileReference; fileEncoding = 4; lastKnownFileType = sourcecode.swift; path = "RangeInitializedArray+Copyable.swift"; sourceTree = "<group>"; };
		E277E2511CE7A14C009737C3 /* ParallelEvaluator.swift */ = {isa = PBXFileReference; fileEncoding = 4; lastKnownFileType = sourcecode.swift; path = ParallelEvaluator.swift; sourceTree = "<group>"; };
		E27ECAA01C9D65BE00BF6CEB /* Mutation.swift */ = {isa = PBXFileReference; fileEncoding = 4; lastKnownFileType = sourcecode.swift; path = Mutation.swift; sourceTree = "<group>"; };
		E27ECAA21C9D65E100BF6CEB /* GeneticOperator.swift */ = {isa = PBXFileReference; fileEncoding = 4; lastKnownFileType = sourcecode.swift; path = GeneticOperator.swift; sourceTree = "<group>"; };
		E27ECAA51C9D66FB00BF6CEB /* Individual.swift */ = {isa = PBXFileReference; fileEncoding = 4; lastKnownFileType = sourcecode.swift; path = Individual.swift; sourceTree = "<group>"; };
		E284A7191C8E3A0000648A2E /* MersenneTwister.swift */ = {isa = PBXFileReference; fileEncoding = 4; lastKnownFileType = sourcecode.swift; path = MersenneTwister.swift; sourceTree = "<group>"; };
		E284A71B1C8E3AEF00648A2E /* ArcGenerator.swift */ = {isa = PBXFileReference; fileEncoding = 4; lastKnownFileType = sourcecode.swift; path = ArcGenerator.swift; sourceTree = "<group>"; };
		E284A71D1C8E3B6B00648A2E /* DrandGenerator.swift */ = {isa = PBXFileReference; fileEncoding = 4; lastKnownFileType = sourcecode.swift; path = DrandGenerator.swift; sourceTree = "<group>"; };
		E284A7211C8E3C3B00648A2E /* gendocs.sh */ = {isa = PBXFileReference; lastKnownFileType = text.script.sh; name = gendocs.sh; path = ../gendocs.sh; sourceTree = "<group>"; };
		E284A7231C8E3E9100648A2E /* Randomizable.swift */ = {isa = PBXFileReference; fileEncoding = 4; lastKnownFileType = sourcecode.swift; path = Randomizable.swift; sourceTree = "<group>"; };
		E284A7251C8E3F6C00648A2E /* Bool+Randomizable.swift */ = {isa = PBXFileReference; fileEncoding = 4; lastKnownFileType = sourcecode.swift; path = "Bool+Randomizable.swift"; sourceTree = "<group>"; };
		E284A7271C8E3F8F00648A2E /* Double+Randomizable.swift */ = {isa = PBXFileReference; fileEncoding = 4; lastKnownFileType = sourcecode.swift; path = "Double+Randomizable.swift"; sourceTree = "<group>"; };
		E284A7291C8E3FA400648A2E /* Float+Randomizable.swift */ = {isa = PBXFileReference; fileEncoding = 4; lastKnownFileType = sourcecode.swift; path = "Float+Randomizable.swift"; sourceTree = "<group>"; };
		E284A72B1C8E3FE100648A2E /* Discrete.swift */ = {isa = PBXFileReference; fileEncoding = 4; lastKnownFileType = sourcecode.swift; path = Discrete.swift; sourceTree = "<group>"; };
		E284A72D1C8E3FF200648A2E /* Discrete+Randomizable.swift */ = {isa = PBXFileReference; fileEncoding = 4; lastKnownFileType = sourcecode.swift; path = "Discrete+Randomizable.swift"; sourceTree = "<group>"; };
		E284A72F1C8E401700648A2E /* EntropyGenerator+Range.swift */ = {isa = PBXFileReference; fileEncoding = 4; lastKnownFileType = sourcecode.swift; path = "EntropyGenerator+Range.swift"; sourceTree = "<group>"; };
		E284A7311C8E422400648A2E /* EntropyGenerator+RandomizableGeneration.swift */ = {isa = PBXFileReference; fileEncoding = 4; lastKnownFileType = sourcecode.swift; path = "EntropyGenerator+RandomizableGeneration.swift"; sourceTree = "<group>"; };
		E28980C01CD3C76300B00749 /* RangeInitializedArray.swift */ = {isa = PBXFileReference; fileEncoding = 4; lastKnownFileType = sourcecode.swift; path = RangeInitializedArray.swift; sourceTree = "<group>"; };
		E28980C21CD3C7C800B00749 /* RangeInitializedArray+Randomizable.swift */ = {isa = PBXFileReference; fileEncoding = 4; lastKnownFileType = sourcecode.swift; path = "RangeInitializedArray+Randomizable.swift"; sourceTree = "<group>"; };
		E28980C41CD3CA1000B00749 /* RangeInitializedArray+Mutable.swift */ = {isa = PBXFileReference; fileEncoding = 4; lastKnownFileType = sourcecode.swift; path = "RangeInitializedArray+Mutable.swift"; sourceTree = "<group>"; };
		E28980C61CD3CAD700B00749 /* RangeInitializedArrayExample.swift */ = {isa = PBXFileReference; fileEncoding = 4; lastKnownFileType = sourcecode.swift; path = RangeInitializedArrayExample.swift; sourceTree = "<group>"; };
		E28980C81CD3E33800B00749 /* RangeInitializedArray+CustomStringConvertible.swift */ = {isa = PBXFileReference; fileEncoding = 4; lastKnownFileType = sourcecode.swift; path = "RangeInitializedArray+CustomStringConvertible.swift"; sourceTree = "<group>"; };
		E28980CA1CD3E3C400B00749 /* RangeInitializedArray+CustomDebugStringConvertible.swift */ = {isa = PBXFileReference; fileEncoding = 4; lastKnownFileType = sourcecode.swift; path = "RangeInitializedArray+CustomDebugStringConvertible.swift"; sourceTree = "<group>"; };
		E28980CC1CD4B4AE00B00749 /* ActionNodeExample.swift */ = {isa = PBXFileReference; fileEncoding = 4; lastKnownFileType = sourcecode.swift; path = ActionNodeExample.swift; sourceTree = "<group>"; };
		E28980CF1CD4E05E00B00749 /* GeneticAlgorithm.swift */ = {isa = PBXFileReference; fileEncoding = 4; lastKnownFileType = sourcecode.swift; path = GeneticAlgorithm.swift; sourceTree = "<group>"; };
		E28980DA1CD4F94B00B00749 /* GeneticAlgorithmExample.swift */ = {isa = PBXFileReference; fileEncoding = 4; lastKnownFileType = sourcecode.swift; path = GeneticAlgorithmExample.swift; sourceTree = "<group>"; };
		E28980DC1CD4F98E00B00749 /* SequentialEvaluatorExample.swift */ = {isa = PBXFileReference; fileEncoding = 4; lastKnownFileType = sourcecode.swift; path = SequentialEvaluatorExample.swift; sourceTree = "<group>"; };
		E28980DE1CD4FFA800B00749 /* IndexSet.swift */ = {isa = PBXFileReference; fileEncoding = 4; lastKnownFileType = sourcecode.swift; path = IndexSet.swift; sourceTree = "<group>"; };
		E28980E01CD5045500B00749 /* Mutable.swift */ = {isa = PBXFileReference; fileEncoding = 4; lastKnownFileType = sourcecode.swift; path = Mutable.swift; sourceTree = "<group>"; };
		E28980E21CD5049A00B00749 /* OnePointCrossoverable.swift */ = {isa = PBXFileReference; fileEncoding = 4; lastKnownFileType = sourcecode.swift; path = OnePointCrossoverable.swift; sourceTree = "<group>"; };
		E28980E41CD50CAA00B00749 /* GeneticOperatorPipeline.swift */ = {isa = PBXFileReference; fileEncoding = 4; lastKnownFileType = sourcecode.swift; path = GeneticOperatorPipeline.swift; sourceTree = "<group>"; };
		E28980E61CD5124E00B00749 /* Choice.swift */ = {isa = PBXFileReference; fileEncoding = 4; lastKnownFileType = sourcecode.swift; path = Choice.swift; sourceTree = "<group>"; };
		E28980E81CD5126500B00749 /* BranchingPipeline.swift */ = {isa = PBXFileReference; fileEncoding = 4; lastKnownFileType = sourcecode.swift; path = BranchingPipeline.swift; sourceTree = "<group>"; };
		E28980EB1CD5137E00B00749 /* PipelineOperators.swift */ = {isa = PBXFileReference; fileEncoding = 4; lastKnownFileType = sourcecode.swift; path = PipelineOperators.swift; sourceTree = "<group>"; };
		E28980ED1CD5143C00B00749 /* Pipeline.swift */ = {isa = PBXFileReference; fileEncoding = 4; lastKnownFileType = sourcecode.swift; path = Pipeline.swift; sourceTree = "<group>"; };
		E28980F01CD529C300B00749 /* TerminationCondition.swift */ = {isa = PBXFileReference; fileEncoding = 4; lastKnownFileType = sourcecode.swift; path = TerminationCondition.swift; sourceTree = "<group>"; };
		E28980F21CD5397A00B00749 /* MaxNumberOfGenerations.swift */ = {isa = PBXFileReference; fileEncoding = 4; lastKnownFileType = sourcecode.swift; path = MaxNumberOfGenerations.swift; sourceTree = "<group>"; };
		E28980F41CD53A1100B00749 /* AfterDate.swift */ = {isa = PBXFileReference; fileEncoding = 4; lastKnownFileType = sourcecode.swift; path = AfterDate.swift; sourceTree = "<group>"; };
		E28980F61CD53A9300B00749 /* DateComparison.swift */ = {isa = PBXFileReference; fileEncoding = 4; lastKnownFileType = sourcecode.swift; path = DateComparison.swift; sourceTree = "<group>"; };
		E28980F81CD53B3C00B00749 /* FitnessThreshold.swift */ = {isa = PBXFileReference; fileEncoding = 4; lastKnownFileType = sourcecode.swift; path = FitnessThreshold.swift; sourceTree = "<group>"; };
		E28980FC1CD53C2E00B00749 /* AndCondition.swift */ = {isa = PBXFileReference; fileEncoding = 4; lastKnownFileType = sourcecode.swift; path = AndCondition.swift; sourceTree = "<group>"; };
		E28980FE1CD53C3400B00749 /* OrCondition.swift */ = {isa = PBXFileReference; fileEncoding = 4; lastKnownFileType = sourcecode.swift; path = OrCondition.swift; sourceTree = "<group>"; };
		E28981001CD53C3B00B00749 /* NotCondition.swift */ = {isa = PBXFileReference; fileEncoding = 4; lastKnownFileType = sourcecode.swift; path = NotCondition.swift; sourceTree = "<group>"; };
		E28981021CD5496200B00749 /* BestSelection.swift */ = {isa = PBXFileReference; fileEncoding = 4; lastKnownFileType = sourcecode.swift; path = BestSelection.swift; sourceTree = "<group>"; };
		E28981041CD54C6E00B00749 /* WorstSelection.swift */ = {isa = PBXFileReference; fileEncoding = 4; lastKnownFileType = sourcecode.swift; path = WorstSelection.swift; sourceTree = "<group>"; };
		E28981071CD943CD00B00749 /* Evaluator.swift */ = {isa = PBXFileReference; fileEncoding = 4; lastKnownFileType = sourcecode.swift; path = Evaluator.swift; sourceTree = "<group>"; };
		E28981091CD9443700B00749 /* SequentialEvaluator.swift */ = {isa = PBXFileReference; fileEncoding = 4; lastKnownFileType = sourcecode.swift; path = SequentialEvaluator.swift; sourceTree = "<group>"; };
		E289810B1CD944D700B00749 /* Fitness.swift */ = {isa = PBXFileReference; fileEncoding = 4; lastKnownFileType = sourcecode.swift; path = Fitness.swift; sourceTree = "<group>"; };
		E289810D1CD945CF00B00749 /* CyclicEvaluator.swift */ = {isa = PBXFileReference; fileEncoding = 4; lastKnownFileType = sourcecode.swift; path = CyclicEvaluator.swift; sourceTree = "<group>"; };
		E291643F1C8E0704002879C0 /* Revolver.framework */ = {isa = PBXFileReference; explicitFileType = wrapper.framework; includeInIndex = 0; path = Revolver.framework; sourceTree = BUILT_PRODUCTS_DIR; };
		E29164421C8E0704002879C0 /* Revolver.h */ = {isa = PBXFileReference; lastKnownFileType = sourcecode.c.h; path = Revolver.h; sourceTree = "<group>"; };
		E29164441C8E0704002879C0 /* Info.plist */ = {isa = PBXFileReference; lastKnownFileType = text.plist.xml; path = Info.plist; sourceTree = "<group>"; };
		E29164491C8E0704002879C0 /* RevolverTests.xctest */ = {isa = PBXFileReference; explicitFileType = wrapper.cfbundle; includeInIndex = 0; path = RevolverTests.xctest; sourceTree = BUILT_PRODUCTS_DIR; };
		E291644E1C8E0704002879C0 /* RevolverTests.swift */ = {isa = PBXFileReference; lastKnownFileType = sourcecode.swift; path = RevolverTests.swift; sourceTree = "<group>"; };
		E29164501C8E0704002879C0 /* Info.plist */ = {isa = PBXFileReference; lastKnownFileType = text.plist.xml; path = Info.plist; sourceTree = "<group>"; };
		E29164641C8E3713002879C0 /* EntropyGenerator.swift */ = {isa = PBXFileReference; fileEncoding = 4; lastKnownFileType = sourcecode.swift; path = EntropyGenerator.swift; sourceTree = "<group>"; };
		E29F9DC61CA9539C00FE4BEF /* TreeProgram+Mutable.swift */ = {isa = PBXFileReference; fileEncoding = 4; lastKnownFileType = sourcecode.swift; path = "TreeProgram+Mutable.swift"; sourceTree = "<group>"; };
		E29F9DC81CA953A900FE4BEF /* TreeProgram+OnePointCrossoverable.swift */ = {isa = PBXFileReference; fileEncoding = 4; lastKnownFileType = sourcecode.swift; path = "TreeProgram+OnePointCrossoverable.swift"; sourceTree = "<group>"; };
		E2B9ED8E1CA6FE500071EE18 /* TreeProgram.swift */ = {isa = PBXFileReference; fileEncoding = 4; lastKnownFileType = sourcecode.swift; path = TreeProgram.swift; sourceTree = "<group>"; };
		E2E71A511CA5CAED002E34DD /* TreeNode.swift */ = {isa = PBXFileReference; fileEncoding = 4; lastKnownFileType = sourcecode.swift; path = TreeNode.swift; sourceTree = "<group>"; };
		E2E71A531CA5CBCB002E34DD /* TreeType.swift */ = {isa = PBXFileReference; fileEncoding = 4; lastKnownFileType = sourcecode.swift; path = TreeType.swift; sourceTree = "<group>"; };
		E2E71A591CA5DE6B002E34DD /* ConstantNode.swift */ = {isa = PBXFileReference; fileEncoding = 4; lastKnownFileType = sourcecode.swift; path = ConstantNode.swift; sourceTree = "<group>"; };
		E2E71A5B1CA5DE73002E34DD /* ValueNode.swift */ = {isa = PBXFileReference; fileEncoding = 4; lastKnownFileType = sourcecode.swift; path = ValueNode.swift; sourceTree = "<group>"; };
		E2E71A5D1CA5DEAE002E34DD /* SequenceNode.swift */ = {isa = PBXFileReference; fileEncoding = 4; lastKnownFileType = sourcecode.swift; path = SequenceNode.swift; sourceTree = "<group>"; };
		E2E71A631CA5DEFE002E34DD /* ConditionalNode.swift */ = {isa = PBXFileReference; fileEncoding = 4; lastKnownFileType = sourcecode.swift; path = ConditionalNode.swift; sourceTree = "<group>"; };
		E2E71A671CA5E081002E34DD /* ActionNode.swift */ = {isa = PBXFileReference; fileEncoding = 4; lastKnownFileType = sourcecode.swift; path = ActionNode.swift; sourceTree = "<group>"; };
		E2E71A6B1CA5E360002E34DD /* TreeInterpreter.swift */ = {isa = PBXFileReference; fileEncoding = 4; lastKnownFileType = sourcecode.swift; path = TreeInterpreter.swift; sourceTree = "<group>"; };
		E2E71A6F1CA5E8CA002E34DD /* LoopNode.swift */ = {isa = PBXFileReference; fileEncoding = 4; lastKnownFileType = sourcecode.swift; path = LoopNode.swift; sourceTree = "<group>"; };
		E2E71A711CA5FCD8002E34DD /* RandomTreeFactory.swift */ = {isa = PBXFileReference; fileEncoding = 4; lastKnownFileType = sourcecode.swift; path = RandomTreeFactory.swift; sourceTree = "<group>"; };
		E2F31C771CA868A900372B95 /* EquationNode.swift */ = {isa = PBXFileReference; fileEncoding = 4; lastKnownFileType = sourcecode.swift; path = EquationNode.swift; sourceTree = "<group>"; };
		E2F31C791CA86A8300372B95 /* ComparisonNode.swift */ = {isa = PBXFileReference; fileEncoding = 4; lastKnownFileType = sourcecode.swift; path = ComparisonNode.swift; sourceTree = "<group>"; };
		E2F31C7B1CA86AEC00372B95 /* UnaryNode.swift */ = {isa = PBXFileReference; fileEncoding = 4; lastKnownFileType = sourcecode.swift; path = UnaryNode.swift; sourceTree = "<group>"; };
		E2F31C7D1CA86AF200372B95 /* BinaryNode.swift */ = {isa = PBXFileReference; fileEncoding = 4; lastKnownFileType = sourcecode.swift; path = BinaryNode.swift; sourceTree = "<group>"; };
		E2F31C811CA86D8000372B95 /* AdditionNode.swift */ = {isa = PBXFileReference; fileEncoding = 4; lastKnownFileType = sourcecode.swift; path = AdditionNode.swift; sourceTree = "<group>"; };
		E2F31C831CA86DE700372B95 /* NumericType.swift */ = {isa = PBXFileReference; fileEncoding = 4; lastKnownFileType = sourcecode.swift; path = NumericType.swift; sourceTree = "<group>"; };
		E2F31C861CA86E9A00372B95 /* MultiplicationNode.swift */ = {isa = PBXFileReference; fileEncoding = 4; lastKnownFileType = sourcecode.swift; path = MultiplicationNode.swift; sourceTree = "<group>"; };
		E2F31C881CA86EA200372B95 /* SubtractionNode.swift */ = {isa = PBXFileReference; fileEncoding = 4; lastKnownFileType = sourcecode.swift; path = SubtractionNode.swift; sourceTree = "<group>"; };
		E2F31C8A1CA86EA700372B95 /* DivisionNode.swift */ = {isa = PBXFileReference; fileEncoding = 4; lastKnownFileType = sourcecode.swift; path = DivisionNode.swift; sourceTree = "<group>"; };
		E2F31C8C1CA86EAD00372B95 /* ModuloNode.swift */ = {isa = PBXFileReference; fileEncoding = 4; lastKnownFileType = sourcecode.swift; path = ModuloNode.swift; sourceTree = "<group>"; };
		E2F31C8E1CA86F0000372B95 /* NegationNode.swift */ = {isa = PBXFileReference; fileEncoding = 4; lastKnownFileType = sourcecode.swift; path = NegationNode.swift; sourceTree = "<group>"; };
		E2F31C901CA86F3500372B95 /* ConjunctionNode.swift */ = {isa = PBXFileReference; fileEncoding = 4; lastKnownFileType = sourcecode.swift; path = ConjunctionNode.swift; sourceTree = "<group>"; };
		E2F31C921CA86F3B00372B95 /* DisjunctionNode.swift */ = {isa = PBXFileReference; fileEncoding = 4; lastKnownFileType = sourcecode.swift; path = DisjunctionNode.swift; sourceTree = "<group>"; };
		E2F31C941CA86F4D00372B95 /* ImplicationNode.swift */ = {isa = PBXFileReference; fileEncoding = 4; lastKnownFileType = sourcecode.swift; path = ImplicationNode.swift; sourceTree = "<group>"; };
		E2F31C961CA86F5600372B95 /* EquivalenceNode.swift */ = {isa = PBXFileReference; fileEncoding = 4; lastKnownFileType = sourcecode.swift; path = EquivalenceNode.swift; sourceTree = "<group>"; };
/* End PBXFileReference section */

/* Begin PBXFrameworksBuildPhase section */
		E291643B1C8E0704002879C0 /* Frameworks */ = {
			isa = PBXFrameworksBuildPhase;
			buildActionMask = 2147483647;
			files = (
				E2174BEF1CE9E80000B0BC54 /* SwiftyJSON.framework in Frameworks */,
			);
			runOnlyForDeploymentPostprocessing = 0;
		};
		E29164461C8E0704002879C0 /* Frameworks */ = {
			isa = PBXFrameworksBuildPhase;
			buildActionMask = 2147483647;
			files = (
				E291644A1C8E0704002879C0 /* Revolver.framework in Frameworks */,
			);
			runOnlyForDeploymentPostprocessing = 0;
		};
/* End PBXFrameworksBuildPhase section */

/* Begin PBXGroup section */
		E277E2461CE78566009737C3 /* Reproduction */ = {
			isa = PBXGroup;
			children = (
				E277E2401CE78313009737C3 /* Reproducible.swift */,
				E20488AC1C9D800000BABC62 /* Reproduction.swift */,
				E2174BE11CE9CD4500B0BC54 /* Elitism.swift */,
			);
			name = Reproduction;
			sourceTree = "<group>";
		};
		E277E2471CE78572009737C3 /* Mutation */ = {
			isa = PBXGroup;
			children = (
				E28980E01CD5045500B00749 /* Mutable.swift */,
				E27ECAA01C9D65BE00BF6CEB /* Mutation.swift */,
			);
			name = Mutation;
			sourceTree = "<group>";
		};
		E277E2481CE7857F009737C3 /* Crossover */ = {
			isa = PBXGroup;
			children = (
				E28980E21CD5049A00B00749 /* OnePointCrossoverable.swift */,
				E20488A01C9D6FF000BABC62 /* OnePointCrossover.swift */,
				E277E2491CE789AE009737C3 /* TwoPointCrossoverable.swift */,
				E277E24B1CE789E3009737C3 /* TwoPointCrossover.swift */,
			);
			name = Crossover;
			sourceTree = "<group>";
		};
		E27ECA9F1C9D65AB00BF6CEB /* Operators */ = {
			isa = PBXGroup;
			children = (
				E27ECAA21C9D65E100BF6CEB /* GeneticOperator.swift */,
				E277E2461CE78566009737C3 /* Reproduction */,
				E277E2471CE78572009737C3 /* Mutation */,
				E277E2481CE7857F009737C3 /* Crossover */,
				E28980EA1CD512E300B00749 /* Syntax Sugar */,
			);
			name = Operators;
			sourceTree = "<group>";
		};
		E27ECAA41C9D66D500BF6CEB /* Population */ = {
			isa = PBXGroup;
			children = (
				E20488BA1C9DB0EA00BABC62 /* MatingPool.swift */,
				E27ECAA51C9D66FB00BF6CEB /* Individual.swift */,
			);
			name = Population;
			sourceTree = "<group>";
		};
		E284A71F1C8E3BD600648A2E /* Random */ = {
			isa = PBXGroup;
			children = (
				E284A7221C8E3E7B00648A2E /* Randomizable Extensions */,
				E284A7201C8E3BE100648A2E /* Entropy Generators */,
			);
			name = Random;
			sourceTree = "<group>";
		};
		E284A7201C8E3BE100648A2E /* Entropy Generators */ = {
			isa = PBXGroup;
			children = (
				E29164641C8E3713002879C0 /* EntropyGenerator.swift */,
				E284A7191C8E3A0000648A2E /* MersenneTwister.swift */,
				E284A71B1C8E3AEF00648A2E /* ArcGenerator.swift */,
				E284A71D1C8E3B6B00648A2E /* DrandGenerator.swift */,
				E284A72F1C8E401700648A2E /* EntropyGenerator+Range.swift */,
				E284A7311C8E422400648A2E /* EntropyGenerator+RandomizableGeneration.swift */,
			);
			name = "Entropy Generators";
			sourceTree = "<group>";
		};
		E284A7221C8E3E7B00648A2E /* Randomizable Extensions */ = {
			isa = PBXGroup;
			children = (
				E284A7231C8E3E9100648A2E /* Randomizable.swift */,
				E284A7251C8E3F6C00648A2E /* Bool+Randomizable.swift */,
				E284A7271C8E3F8F00648A2E /* Double+Randomizable.swift */,
				E284A7291C8E3FA400648A2E /* Float+Randomizable.swift */,
				E284A72B1C8E3FE100648A2E /* Discrete.swift */,
				E284A72D1C8E3FF200648A2E /* Discrete+Randomizable.swift */,
			);
			name = "Randomizable Extensions";
			sourceTree = "<group>";
		};
		E284A7391C8E4E2D00648A2E /* Data Structures */ = {
			isa = PBXGroup;
			children = (
				E277E2421CE783C7009737C3 /* ChromosomeType.swift */,
				E277E2441CE783E9009737C3 /* CommonChromosomeType.swift */,
				E2174BDF1CE9C51D00B0BC54 /* PersistentChromosomeType.swift */,
				E2E71A651CA5DF21002E34DD /* Arrays */,
				E2E71A661CA5DF2B002E34DD /* Trees */,
			);
			name = "Data Structures";
			sourceTree = "<group>";
		};
		E28980CE1CD4E04000B00749 /* Algorithms */ = {
			isa = PBXGroup;
			children = (
				E28980CF1CD4E05E00B00749 /* GeneticAlgorithm.swift */,
				E28980DA1CD4F94B00B00749 /* GeneticAlgorithmExample.swift */,
			);
			name = Algorithms;
			sourceTree = "<group>";
		};
		E28980EA1CD512E300B00749 /* Syntax Sugar */ = {
			isa = PBXGroup;
			children = (
				E28980EB1CD5137E00B00749 /* PipelineOperators.swift */,
				E28980ED1CD5143C00B00749 /* Pipeline.swift */,
				E28980E41CD50CAA00B00749 /* GeneticOperatorPipeline.swift */,
				E28980E81CD5126500B00749 /* BranchingPipeline.swift */,
				E28980E61CD5124E00B00749 /* Choice.swift */,
			);
			name = "Syntax Sugar";
			sourceTree = "<group>";
		};
		E28980EF1CD529AA00B00749 /* Termination Conditions */ = {
			isa = PBXGroup;
			children = (
				E28980F01CD529C300B00749 /* TerminationCondition.swift */,
				E28980F21CD5397A00B00749 /* MaxNumberOfGenerations.swift */,
				E28980F41CD53A1100B00749 /* AfterDate.swift */,
				E28980F81CD53B3C00B00749 /* FitnessThreshold.swift */,
				E28980FC1CD53C2E00B00749 /* AndCondition.swift */,
				E28980FE1CD53C3400B00749 /* OrCondition.swift */,
				E28981001CD53C3B00B00749 /* NotCondition.swift */,
			);
			name = "Termination Conditions";
			sourceTree = "<group>";
		};
		E28981061CD9439200B00749 /* Evaluators */ = {
			isa = PBXGroup;
			children = (
				E289810B1CD944D700B00749 /* Fitness.swift */,
				E20488B21C9D84B500BABC62 /* FitnessType.swift */,
				E28981071CD943CD00B00749 /* Evaluator.swift */,
				E28981091CD9443700B00749 /* SequentialEvaluator.swift */,
				E28980DC1CD4F98E00B00749 /* SequentialEvaluatorExample.swift */,
				E289810D1CD945CF00B00749 /* CyclicEvaluator.swift */,
				E277E2511CE7A14C009737C3 /* ParallelEvaluator.swift */,
			);
			name = Evaluators;
			sourceTree = "<group>";
		};
		E29164351C8E0704002879C0 = {
			isa = PBXGroup;
			children = (
				E2174BEE1CE9E7FF00B0BC54 /* SwiftyJSON.framework */,
				E29164411C8E0704002879C0 /* Revolver */,
				E291644D1C8E0704002879C0 /* RevolverTests */,
				E29164401C8E0704002879C0 /* Products */,
			);
			sourceTree = "<group>";
		};
		E29164401C8E0704002879C0 /* Products */ = {
			isa = PBXGroup;
			children = (
				E291643F1C8E0704002879C0 /* Revolver.framework */,
				E29164491C8E0704002879C0 /* RevolverTests.xctest */,
			);
			name = Products;
			sourceTree = "<group>";
		};
		E29164411C8E0704002879C0 /* Revolver */ = {
			isa = PBXGroup;
			children = (
				E29F9DC41CA9522F00FE4BEF /* Compatibility */,
				E28980CE1CD4E04000B00749 /* Algorithms */,
				E28980EF1CD529AA00B00749 /* Termination Conditions */,
				E28981061CD9439200B00749 /* Evaluators */,
				E29F9DC51CA9526200FE4BEF /* Selections */,
				E27ECAA41C9D66D500BF6CEB /* Population */,
				E27ECA9F1C9D65AB00BF6CEB /* Operators */,
				E284A7391C8E4E2D00648A2E /* Data Structures */,
				E284A71F1C8E3BD600648A2E /* Random */,
				E29164421C8E0704002879C0 /* Revolver.h */,
				E29164441C8E0704002879C0 /* Info.plist */,
				E284A7211C8E3C3B00648A2E /* gendocs.sh */,
			);
			path = Revolver;
			sourceTree = "<group>";
		};
		E291644D1C8E0704002879C0 /* RevolverTests */ = {
			isa = PBXGroup;
			children = (
				E291644E1C8E0704002879C0 /* RevolverTests.swift */,
				E29164501C8E0704002879C0 /* Info.plist */,
			);
			path = RevolverTests;
			sourceTree = "<group>";
		};
		E29F9DC41CA9522F00FE4BEF /* Compatibility */ = {
			isa = PBXGroup;
			children = (
				E2174BE31CE9DD6E00B0BC54 /* PersistentType.swift */,
				E28980F61CD53A9300B00749 /* DateComparison.swift */,
				E277E23E1CE782D4009737C3 /* Copyable.swift */,
				E2174BFA1CEA0CDC00B0BC54 /* Epsilon.swift */,
			);
			name = Compatibility;
			sourceTree = "<group>";
		};
		E29F9DC51CA9526200FE4BEF /* Selections */ = {
			isa = PBXGroup;
			children = (
				E28980DE1CD4FFA800B00749 /* IndexSet.swift */,
				E20488AE1C9D81DB00BABC62 /* Selection.swift */,
				E28981021CD5496200B00749 /* BestSelection.swift */,
				E28981041CD54C6E00B00749 /* WorstSelection.swift */,
				E20488B01C9D840F00BABC62 /* RouletteSelection.swift */,
				E20488B81C9D92B700BABC62 /* RankSelection.swift */,
				E20488B61C9D91FD00BABC62 /* RandomSelection.swift */,
				E20488B41C9D8A4500BABC62 /* TournamentSelection.swift */,
			);
			name = Selections;
			sourceTree = "<group>";
		};
		E2B9ED901CA74A240071EE18 /* Actions */ = {
			isa = PBXGroup;
			children = (
				E2E71A671CA5E081002E34DD /* ActionNode.swift */,
				E2E71A5D1CA5DEAE002E34DD /* SequenceNode.swift */,
				E2E71A631CA5DEFE002E34DD /* ConditionalNode.swift */,
				E2E71A6F1CA5E8CA002E34DD /* LoopNode.swift */,
				E28980CC1CD4B4AE00B00749 /* ActionNodeExample.swift */,
			);
			name = Actions;
			sourceTree = "<group>";
		};
		E2B9ED911CA74A2C0071EE18 /* Values */ = {
			isa = PBXGroup;
			children = (
				E2E71A5B1CA5DE73002E34DD /* ValueNode.swift */,
				E2E71A591CA5DE6B002E34DD /* ConstantNode.swift */,
				E2F31C7B1CA86AEC00372B95 /* UnaryNode.swift */,
				E2F31C7D1CA86AF200372B95 /* BinaryNode.swift */,
				E2F31C851CA86E3A00372B95 /* Comparisons */,
				E2F31C7F1CA86BF600372B95 /* Numeric */,
				E2F31C801CA86C4600372B95 /* Boolean */,
			);
			name = Values;
			sourceTree = "<group>";
		};
		E2E71A651CA5DF21002E34DD /* Arrays */ = {
			isa = PBXGroup;
			children = (
				E28980C01CD3C76300B00749 /* RangeInitializedArray.swift */,
				E277E24F1CE7A0A0009737C3 /* RangeInitializedArray+Copyable.swift */,
				E28980C21CD3C7C800B00749 /* RangeInitializedArray+Randomizable.swift */,
				E28980C41CD3CA1000B00749 /* RangeInitializedArray+Mutable.swift */,
				E20488A41C9D73EA00BABC62 /* RangeInitializedArray+OnePointCrossoverable.swift */,
				E277E24D1CE79014009737C3 /* RangeInitializedArray+TwoPointCrossoverable.swift */,
				E28980C81CD3E33800B00749 /* RangeInitializedArray+CustomStringConvertible.swift */,
				E28980CA1CD3E3C400B00749 /* RangeInitializedArray+CustomDebugStringConvertible.swift */,
				E28980C61CD3CAD700B00749 /* RangeInitializedArrayExample.swift */,
				E2174BF41CE9EBE500B0BC54 /* PersistentRangeInitializedArray.swift */,
				E2174BF21CE9EAC000B0BC54 /* PersistentRangeInitializedArray+PersistentType.swift */,
			);
			name = Arrays;
			sourceTree = "<group>";
		};
		E2E71A661CA5DF2B002E34DD /* Trees */ = {
			isa = PBXGroup;
			children = (
				E2E71A531CA5CBCB002E34DD /* TreeType.swift */,
				E2E71A511CA5CAED002E34DD /* TreeNode.swift */,
				E2E71A711CA5FCD8002E34DD /* RandomTreeFactory.swift */,
				E2E71A6B1CA5E360002E34DD /* TreeInterpreter.swift */,
				E2B9ED8E1CA6FE500071EE18 /* TreeProgram.swift */,
				E29F9DC61CA9539C00FE4BEF /* TreeProgram+Mutable.swift */,
				E29F9DC81CA953A900FE4BEF /* TreeProgram+OnePointCrossoverable.swift */,
				E2B9ED911CA74A2C0071EE18 /* Values */,
				E2B9ED901CA74A240071EE18 /* Actions */,
			);
			name = Trees;
			sourceTree = "<group>";
		};
		E2F31C7F1CA86BF600372B95 /* Numeric */ = {
			isa = PBXGroup;
			children = (
				E2F31C831CA86DE700372B95 /* NumericType.swift */,
				E2F31C811CA86D8000372B95 /* AdditionNode.swift */,
				E2F31C861CA86E9A00372B95 /* MultiplicationNode.swift */,
				E2F31C881CA86EA200372B95 /* SubtractionNode.swift */,
				E2F31C8A1CA86EA700372B95 /* DivisionNode.swift */,
				E2F31C8C1CA86EAD00372B95 /* ModuloNode.swift */,
			);
			name = Numeric;
			sourceTree = "<group>";
		};
		E2F31C801CA86C4600372B95 /* Boolean */ = {
			isa = PBXGroup;
			children = (
				E2F31C8E1CA86F0000372B95 /* NegationNode.swift */,
				E2F31C901CA86F3500372B95 /* ConjunctionNode.swift */,
				E2F31C921CA86F3B00372B95 /* DisjunctionNode.swift */,
				E2F31C941CA86F4D00372B95 /* ImplicationNode.swift */,
				E2F31C961CA86F5600372B95 /* EquivalenceNode.swift */,
			);
			name = Boolean;
			sourceTree = "<group>";
		};
		E2F31C851CA86E3A00372B95 /* Comparisons */ = {
			isa = PBXGroup;
			children = (
				E2F31C771CA868A900372B95 /* EquationNode.swift */,
				E2F31C791CA86A8300372B95 /* ComparisonNode.swift */,
			);
			name = Comparisons;
			sourceTree = "<group>";
		};
/* End PBXGroup section */

/* Begin PBXHeadersBuildPhase section */
		E291643C1C8E0704002879C0 /* Headers */ = {
			isa = PBXHeadersBuildPhase;
			buildActionMask = 2147483647;
			files = (
				E29164431C8E0704002879C0 /* Revolver.h in Headers */,
			);
			runOnlyForDeploymentPostprocessing = 0;
		};
/* End PBXHeadersBuildPhase section */

/* Begin PBXNativeTarget section */
		E291643E1C8E0704002879C0 /* Revolver */ = {
			isa = PBXNativeTarget;
			buildConfigurationList = E29164531C8E0704002879C0 /* Build configuration list for PBXNativeTarget "Revolver" */;
			buildPhases = (
				E291643A1C8E0704002879C0 /* Sources */,
				E291643B1C8E0704002879C0 /* Frameworks */,
				E291643C1C8E0704002879C0 /* Headers */,
				E291643D1C8E0704002879C0 /* Resources */,
			);
			buildRules = (
			);
			dependencies = (
			);
			name = Revolver;
			productName = Revolver;
			productReference = E291643F1C8E0704002879C0 /* Revolver.framework */;
			productType = "com.apple.product-type.framework";
		};
		E29164481C8E0704002879C0 /* RevolverTests */ = {
			isa = PBXNativeTarget;
			buildConfigurationList = E29164561C8E0704002879C0 /* Build configuration list for PBXNativeTarget "RevolverTests" */;
			buildPhases = (
				E29164451C8E0704002879C0 /* Sources */,
				E29164461C8E0704002879C0 /* Frameworks */,
				E29164471C8E0704002879C0 /* Resources */,
			);
			buildRules = (
			);
			dependencies = (
				E291644C1C8E0704002879C0 /* PBXTargetDependency */,
			);
			name = RevolverTests;
			productName = RevolverTests;
			productReference = E29164491C8E0704002879C0 /* RevolverTests.xctest */;
			productType = "com.apple.product-type.bundle.unit-test";
		};
/* End PBXNativeTarget section */

/* Begin PBXProject section */
		E29164361C8E0704002879C0 /* Project object */ = {
			isa = PBXProject;
			attributes = {
				LastSwiftUpdateCheck = 0720;
				LastUpgradeCheck = 0720;
				ORGANIZATIONNAME = "Petr Manek";
				TargetAttributes = {
					E291643E1C8E0704002879C0 = {
						CreatedOnToolsVersion = 7.2.1;
					};
					E29164481C8E0704002879C0 = {
						CreatedOnToolsVersion = 7.2.1;
					};
				};
			};
			buildConfigurationList = E29164391C8E0704002879C0 /* Build configuration list for PBXProject "Revolver" */;
			compatibilityVersion = "Xcode 3.2";
			developmentRegion = English;
			hasScannedForEncodings = 0;
			knownRegions = (
				en,
			);
			mainGroup = E29164351C8E0704002879C0;
			productRefGroup = E29164401C8E0704002879C0 /* Products */;
			projectDirPath = "";
			projectRoot = "";
			targets = (
				E291643E1C8E0704002879C0 /* Revolver */,
				E29164481C8E0704002879C0 /* RevolverTests */,
			);
		};
/* End PBXProject section */

/* Begin PBXResourcesBuildPhase section */
		E291643D1C8E0704002879C0 /* Resources */ = {
			isa = PBXResourcesBuildPhase;
			buildActionMask = 2147483647;
			files = (
			);
			runOnlyForDeploymentPostprocessing = 0;
		};
		E29164471C8E0704002879C0 /* Resources */ = {
			isa = PBXResourcesBuildPhase;
			buildActionMask = 2147483647;
			files = (
			);
			runOnlyForDeploymentPostprocessing = 0;
		};
/* End PBXResourcesBuildPhase section */

/* Begin PBXSourcesBuildPhase section */
		E291643A1C8E0704002879C0 /* Sources */ = {
			isa = PBXSourcesBuildPhase;
			buildActionMask = 2147483647;
			files = (
				E2F31C8D1CA86EAD00372B95 /* ModuloNode.swift in Sources */,
				E20488B51C9D8A4500BABC62 /* TournamentSelection.swift in Sources */,
				E2174BFB1CEA0CDC00B0BC54 /* Epsilon.swift in Sources */,
				E277E24C1CE789E3009737C3 /* TwoPointCrossover.swift in Sources */,
				E284A72E1C8E3FF200648A2E /* Discrete+Randomizable.swift in Sources */,
				E20488B31C9D84B500BABC62 /* FitnessType.swift in Sources */,
				E28980E71CD5124E00B00749 /* Choice.swift in Sources */,
				E28981031CD5496200B00749 /* BestSelection.swift in Sources */,
				E28980F11CD529C300B00749 /* TerminationCondition.swift in Sources */,
				E28980EC1CD5137E00B00749 /* PipelineOperators.swift in Sources */,
				E277E2411CE78313009737C3 /* Reproducible.swift in Sources */,
				E2E71A5E1CA5DEAE002E34DD /* SequenceNode.swift in Sources */,
				E284A7241C8E3E9100648A2E /* Randomizable.swift in Sources */,
				E2F31C7A1CA86A8300372B95 /* ComparisonNode.swift in Sources */,
				E28980F71CD53A9300B00749 /* DateComparison.swift in Sources */,
				E28980CD1CD4B4AE00B00749 /* ActionNodeExample.swift in Sources */,
				E2E71A521CA5CAED002E34DD /* TreeNode.swift in Sources */,
				E2F31C8B1CA86EA700372B95 /* DivisionNode.swift in Sources */,
				E277E23F1CE782D4009737C3 /* Copyable.swift in Sources */,
				E20488AD1C9D800000BABC62 /* Reproduction.swift in Sources */,
				E2174BF51CE9EBE500B0BC54 /* PersistentRangeInitializedArray.swift in Sources */,
				E28980DB1CD4F94B00B00749 /* GeneticAlgorithmExample.swift in Sources */,
				E2F31C871CA86E9A00372B95 /* MultiplicationNode.swift in Sources */,
				E277E24A1CE789AE009737C3 /* TwoPointCrossoverable.swift in Sources */,
				E284A7301C8E401700648A2E /* EntropyGenerator+Range.swift in Sources */,
				E28981051CD54C6E00B00749 /* WorstSelection.swift in Sources */,
				E2F31C841CA86DE700372B95 /* NumericType.swift in Sources */,
				E284A7261C8E3F6C00648A2E /* Bool+Randomizable.swift in Sources */,
				E2E71A6C1CA5E360002E34DD /* TreeInterpreter.swift in Sources */,
				E27ECAA61C9D66FB00BF6CEB /* Individual.swift in Sources */,
				E28980E31CD5049A00B00749 /* OnePointCrossoverable.swift in Sources */,
				E277E2451CE783E9009737C3 /* CommonChromosomeType.swift in Sources */,
				E2E71A681CA5E081002E34DD /* ActionNode.swift in Sources */,
				E284A7281C8E3F8F00648A2E /* Double+Randomizable.swift in Sources */,
				E2F31C821CA86D8000372B95 /* AdditionNode.swift in Sources */,
				E2E71A721CA5FCD8002E34DD /* RandomTreeFactory.swift in Sources */,
				E2E71A5C1CA5DE73002E34DD /* ValueNode.swift in Sources */,
				E28981011CD53C3B00B00749 /* NotCondition.swift in Sources */,
				E28980F91CD53B3C00B00749 /* FitnessThreshold.swift in Sources */,
				E27ECAA31C9D65E100BF6CEB /* GeneticOperator.swift in Sources */,
				E28980F51CD53A1100B00749 /* AfterDate.swift in Sources */,
				E29164651C8E3713002879C0 /* EntropyGenerator.swift in Sources */,
				E28980C91CD3E33800B00749 /* RangeInitializedArray+CustomStringConvertible.swift in Sources */,
				E284A72A1C8E3FA400648A2E /* Float+Randomizable.swift in Sources */,
				E284A7321C8E422400648A2E /* EntropyGenerator+RandomizableGeneration.swift in Sources */,
				E289810A1CD9443700B00749 /* SequentialEvaluator.swift in Sources */,
				E2F31C971CA86F5600372B95 /* EquivalenceNode.swift in Sources */,
				E289810C1CD944D700B00749 /* Fitness.swift in Sources */,
				E28980FF1CD53C3400B00749 /* OrCondition.swift in Sources */,
				E2E71A701CA5E8CA002E34DD /* LoopNode.swift in Sources */,
				E28980CB1CD3E3C400B00749 /* RangeInitializedArray+CustomDebugStringConvertible.swift in Sources */,
				E2174BF31CE9EAC000B0BC54 /* PersistentRangeInitializedArray+PersistentType.swift in Sources */,
				E28980E11CD5045500B00749 /* Mutable.swift in Sources */,
				E20488B91C9D92B700BABC62 /* RankSelection.swift in Sources */,
				E2B9ED8F1CA6FE500071EE18 /* TreeProgram.swift in Sources */,
				E28980DD1CD4F98E00B00749 /* SequentialEvaluatorExample.swift in Sources */,
				E28980FD1CD53C2E00B00749 /* AndCondition.swift in Sources */,
				E28980E91CD5126500B00749 /* BranchingPipeline.swift in Sources */,
				E2174BE01CE9C51D00B0BC54 /* PersistentChromosomeType.swift in Sources */,
				E20488B11C9D840F00BABC62 /* RouletteSelection.swift in Sources */,
				E2E71A541CA5CBCB002E34DD /* TreeType.swift in Sources */,
				E289810E1CD945CF00B00749 /* CyclicEvaluator.swift in Sources */,
				E2174BE41CE9DD6E00B0BC54 /* PersistentType.swift in Sources */,
				E2F31C781CA868A900372B95 /* EquationNode.swift in Sources */,
				E284A71A1C8E3A0000648A2E /* MersenneTwister.swift in Sources */,
				E27ECAA11C9D65BF00BF6CEB /* Mutation.swift in Sources */,
				E28980C71CD3CAD700B00749 /* RangeInitializedArrayExample.swift in Sources */,
				E20488BB1C9DB0EA00BABC62 /* MatingPool.swift in Sources */,
				E2F31C911CA86F3500372B95 /* ConjunctionNode.swift in Sources */,
				E2E71A641CA5DEFE002E34DD /* ConditionalNode.swift in Sources */,
				E29F9DC91CA953A900FE4BEF /* TreeProgram+OnePointCrossoverable.swift in Sources */,
				E20488AF1C9D81DB00BABC62 /* Selection.swift in Sources */,
				E28980EE1CD5143C00B00749 /* Pipeline.swift in Sources */,
				E29F9DC71CA9539C00FE4BEF /* TreeProgram+Mutable.swift in Sources */,
				E277E2501CE7A0A0009737C3 /* RangeInitializedArray+Copyable.swift in Sources */,
				E20488A51C9D73EA00BABC62 /* RangeInitializedArray+OnePointCrossoverable.swift in Sources */,
				E2F31C7C1CA86AEC00372B95 /* UnaryNode.swift in Sources */,
				E2F31C7E1CA86AF200372B95 /* BinaryNode.swift in Sources */,
				E28980C11CD3C76300B00749 /* RangeInitializedArray.swift in Sources */,
				E284A72C1C8E3FE100648A2E /* Discrete.swift in Sources */,
				E284A71C1C8E3AEF00648A2E /* ArcGenerator.swift in Sources */,
				E2F31C8F1CA86F0000372B95 /* NegationNode.swift in Sources */,
				E28981081CD943CD00B00749 /* Evaluator.swift in Sources */,
				E2E71A5A1CA5DE6B002E34DD /* ConstantNode.swift in Sources */,
				E28980F31CD5397A00B00749 /* MaxNumberOfGenerations.swift in Sources */,
				E277E2431CE783C7009737C3 /* ChromosomeType.swift in Sources */,
				E277E24E1CE79014009737C3 /* RangeInitializedArray+TwoPointCrossoverable.swift in Sources */,
				E28980DF1CD4FFA800B00749 /* IndexSet.swift in Sources */,
				E20488B71C9D91FD00BABC62 /* RandomSelection.swift in Sources */,
				E2F31C931CA86F3B00372B95 /* DisjunctionNode.swift in Sources */,
				E20488A11C9D6FF000BABC62 /* OnePointCrossover.swift in Sources */,
				E2F31C951CA86F4D00372B95 /* ImplicationNode.swift in Sources */,
				E2F31C891CA86EA200372B95 /* SubtractionNode.swift in Sources */,
				E28980C51CD3CA1000B00749 /* RangeInitializedArray+Mutable.swift in Sources */,
				E284A71E1C8E3B6B00648A2E /* DrandGenerator.swift in Sources */,
				E28980D01CD4E05E00B00749 /* GeneticAlgorithm.swift in Sources */,
				E28980C31CD3C7C800B00749 /* RangeInitializedArray+Randomizable.swift in Sources */,
				E2174BE21CE9CD4500B0BC54 /* Elitism.swift in Sources */,
				E277E2521CE7A14C009737C3 /* ParallelEvaluator.swift in Sources */,
				E28980E51CD50CAA00B00749 /* GeneticOperatorPipeline.swift in Sources */,
			);
			runOnlyForDeploymentPostprocessing = 0;
		};
		E29164451C8E0704002879C0 /* Sources */ = {
			isa = PBXSourcesBuildPhase;
			buildActionMask = 2147483647;
			files = (
				E291644F1C8E0704002879C0 /* RevolverTests.swift in Sources */,
			);
			runOnlyForDeploymentPostprocessing = 0;
		};
/* End PBXSourcesBuildPhase section */

/* Begin PBXTargetDependency section */
		E291644C1C8E0704002879C0 /* PBXTargetDependency */ = {
			isa = PBXTargetDependency;
			target = E291643E1C8E0704002879C0 /* Revolver */;
			targetProxy = E291644B1C8E0704002879C0 /* PBXContainerItemProxy */;
		};
/* End PBXTargetDependency section */

/* Begin XCBuildConfiguration section */
		E29164511C8E0704002879C0 /* Debug */ = {
			isa = XCBuildConfiguration;
			buildSettings = {
				ALWAYS_SEARCH_USER_PATHS = NO;
				CLANG_CXX_LANGUAGE_STANDARD = "gnu++0x";
				CLANG_CXX_LIBRARY = "libc++";
				CLANG_ENABLE_MODULES = YES;
				CLANG_ENABLE_OBJC_ARC = YES;
				CLANG_WARN_BOOL_CONVERSION = YES;
				CLANG_WARN_CONSTANT_CONVERSION = YES;
				CLANG_WARN_DIRECT_OBJC_ISA_USAGE = YES_ERROR;
				CLANG_WARN_EMPTY_BODY = YES;
				CLANG_WARN_ENUM_CONVERSION = YES;
				CLANG_WARN_INT_CONVERSION = YES;
				CLANG_WARN_OBJC_ROOT_CLASS = YES_ERROR;
				CLANG_WARN_UNREACHABLE_CODE = YES;
				CLANG_WARN__DUPLICATE_METHOD_MATCH = YES;
				CODE_SIGN_IDENTITY = "-";
				COPY_PHASE_STRIP = NO;
				CURRENT_PROJECT_VERSION = 1;
				DEBUG_INFORMATION_FORMAT = dwarf;
				ENABLE_STRICT_OBJC_MSGSEND = YES;
				ENABLE_TESTABILITY = YES;
				GCC_C_LANGUAGE_STANDARD = gnu99;
				GCC_DYNAMIC_NO_PIC = NO;
				GCC_NO_COMMON_BLOCKS = YES;
				GCC_OPTIMIZATION_LEVEL = 0;
				GCC_PREPROCESSOR_DEFINITIONS = (
					"DEBUG=1",
					"$(inherited)",
				);
				GCC_WARN_64_TO_32_BIT_CONVERSION = YES;
				GCC_WARN_ABOUT_RETURN_TYPE = YES_ERROR;
				GCC_WARN_UNDECLARED_SELECTOR = YES;
				GCC_WARN_UNINITIALIZED_AUTOS = YES_AGGRESSIVE;
				GCC_WARN_UNUSED_FUNCTION = YES;
				GCC_WARN_UNUSED_VARIABLE = YES;
				MACOSX_DEPLOYMENT_TARGET = 10.11;
				MTL_ENABLE_DEBUG_INFO = YES;
				ONLY_ACTIVE_ARCH = YES;
				SDKROOT = macosx;
				SWIFT_OPTIMIZATION_LEVEL = "-Onone";
				VERSIONING_SYSTEM = "apple-generic";
				VERSION_INFO_PREFIX = "";
			};
			name = Debug;
		};
		E29164521C8E0704002879C0 /* Release */ = {
			isa = XCBuildConfiguration;
			buildSettings = {
				ALWAYS_SEARCH_USER_PATHS = NO;
				CLANG_CXX_LANGUAGE_STANDARD = "gnu++0x";
				CLANG_CXX_LIBRARY = "libc++";
				CLANG_ENABLE_MODULES = YES;
				CLANG_ENABLE_OBJC_ARC = YES;
				CLANG_WARN_BOOL_CONVERSION = YES;
				CLANG_WARN_CONSTANT_CONVERSION = YES;
				CLANG_WARN_DIRECT_OBJC_ISA_USAGE = YES_ERROR;
				CLANG_WARN_EMPTY_BODY = YES;
				CLANG_WARN_ENUM_CONVERSION = YES;
				CLANG_WARN_INT_CONVERSION = YES;
				CLANG_WARN_OBJC_ROOT_CLASS = YES_ERROR;
				CLANG_WARN_UNREACHABLE_CODE = YES;
				CLANG_WARN__DUPLICATE_METHOD_MATCH = YES;
				CODE_SIGN_IDENTITY = "-";
				COPY_PHASE_STRIP = NO;
				CURRENT_PROJECT_VERSION = 1;
				DEBUG_INFORMATION_FORMAT = "dwarf-with-dsym";
				ENABLE_NS_ASSERTIONS = NO;
				ENABLE_STRICT_OBJC_MSGSEND = YES;
				GCC_C_LANGUAGE_STANDARD = gnu99;
				GCC_NO_COMMON_BLOCKS = YES;
				GCC_WARN_64_TO_32_BIT_CONVERSION = YES;
				GCC_WARN_ABOUT_RETURN_TYPE = YES_ERROR;
				GCC_WARN_UNDECLARED_SELECTOR = YES;
				GCC_WARN_UNINITIALIZED_AUTOS = YES_AGGRESSIVE;
				GCC_WARN_UNUSED_FUNCTION = YES;
				GCC_WARN_UNUSED_VARIABLE = YES;
				MACOSX_DEPLOYMENT_TARGET = 10.11;
				MTL_ENABLE_DEBUG_INFO = NO;
				SDKROOT = macosx;
				VERSIONING_SYSTEM = "apple-generic";
				VERSION_INFO_PREFIX = "";
			};
			name = Release;
		};
		E29164541C8E0704002879C0 /* Debug */ = {
			isa = XCBuildConfiguration;
			buildSettings = {
				CLANG_ENABLE_MODULES = YES;
				COMBINE_HIDPI_IMAGES = YES;
				DEFINES_MODULE = YES;
				DYLIB_COMPATIBILITY_VERSION = 1;
				DYLIB_CURRENT_VERSION = 1;
				DYLIB_INSTALL_NAME_BASE = "@rpath";
				FRAMEWORK_VERSION = A;
				INFOPLIST_FILE = Revolver/Info.plist;
				INSTALL_PATH = "$(LOCAL_LIBRARY_DIR)/Frameworks";
				LD_RUNPATH_SEARCH_PATHS = "$(inherited) @executable_path/../Frameworks @loader_path/Frameworks";
				PRODUCT_BUNDLE_IDENTIFIER = cz.petrmanek.Revolver;
				PRODUCT_NAME = "$(TARGET_NAME)";
				SKIP_INSTALL = YES;
				SWIFT_OPTIMIZATION_LEVEL = "-Onone";
			};
			name = Debug;
		};
		E29164551C8E0704002879C0 /* Release */ = {
			isa = XCBuildConfiguration;
			buildSettings = {
				CLANG_ENABLE_MODULES = YES;
				COMBINE_HIDPI_IMAGES = YES;
				DEFINES_MODULE = YES;
				DYLIB_COMPATIBILITY_VERSION = 1;
				DYLIB_CURRENT_VERSION = 1;
				DYLIB_INSTALL_NAME_BASE = "@rpath";
				FRAMEWORK_VERSION = A;
				INFOPLIST_FILE = Revolver/Info.plist;
				INSTALL_PATH = "$(LOCAL_LIBRARY_DIR)/Frameworks";
				LD_RUNPATH_SEARCH_PATHS = "$(inherited) @executable_path/../Frameworks @loader_path/Frameworks";
				PRODUCT_BUNDLE_IDENTIFIER = cz.petrmanek.Revolver;
				PRODUCT_NAME = "$(TARGET_NAME)";
				SKIP_INSTALL = YES;
			};
			name = Release;
		};
		E29164571C8E0704002879C0 /* Debug */ = {
			isa = XCBuildConfiguration;
			buildSettings = {
				COMBINE_HIDPI_IMAGES = YES;
				INFOPLIST_FILE = RevolverTests/Info.plist;
				LD_RUNPATH_SEARCH_PATHS = "$(inherited) @executable_path/../Frameworks @loader_path/../Frameworks";
				PRODUCT_BUNDLE_IDENTIFIER = cz.petrmanek.RevolverTests;
				PRODUCT_NAME = "$(TARGET_NAME)";
			};
			name = Debug;
		};
		E29164581C8E0704002879C0 /* Release */ = {
			isa = XCBuildConfiguration;
			buildSettings = {
				COMBINE_HIDPI_IMAGES = YES;
				INFOPLIST_FILE = RevolverTests/Info.plist;
				LD_RUNPATH_SEARCH_PATHS = "$(inherited) @executable_path/../Frameworks @loader_path/../Frameworks";
				PRODUCT_BUNDLE_IDENTIFIER = cz.petrmanek.RevolverTests;
				PRODUCT_NAME = "$(TARGET_NAME)";
			};
			name = Release;
		};
/* End XCBuildConfiguration section */

/* Begin XCConfigurationList section */
		E29164391C8E0704002879C0 /* Build configuration list for PBXProject "Revolver" */ = {
			isa = XCConfigurationList;
			buildConfigurations = (
				E29164511C8E0704002879C0 /* Debug */,
				E29164521C8E0704002879C0 /* Release */,
			);
			defaultConfigurationIsVisible = 0;
			defaultConfigurationName = Release;
		};
		E29164531C8E0704002879C0 /* Build configuration list for PBXNativeTarget "Revolver" */ = {
			isa = XCConfigurationList;
			buildConfigurations = (
				E29164541C8E0704002879C0 /* Debug */,
				E29164551C8E0704002879C0 /* Release */,
			);
			defaultConfigurationIsVisible = 0;
			defaultConfigurationName = Release;
		};
		E29164561C8E0704002879C0 /* Build configuration list for PBXNativeTarget "RevolverTests" */ = {
			isa = XCConfigurationList;
			buildConfigurations = (
				E29164571C8E0704002879C0 /* Debug */,
				E29164581C8E0704002879C0 /* Release */,
			);
			defaultConfigurationIsVisible = 0;
			defaultConfigurationName = Release;
		};
/* End XCConfigurationList section */
	};
	rootObject = E29164361C8E0704002879C0 /* Project object */;
}
